
Microsoft Visual Studio Solution File, Format Version 12.00
# Visual Studio Version 16
VisualStudioVersion = 16.0.30907.101
MinimumVisualStudioVersion = 10.0.40219.1
Project("{FAE04EC0-301F-11D3-BF4B-00C04F79EFBC}") = "EventAsynchronizePattern", "EventAsynchronizePattern\EventAsynchronizePattern.csproj", "{0CF4BE0B-0F51-4EF5-B6BD-8E62E10F2F77}"
EndProject
Global
	GlobalSection(SolutionConfigurationPlatforms) = preSolution
		Debug|Any CPU = Debug|Any CPU
		Release|Any CPU = Release|Any CPU
	EndGlobalSection
	GlobalSection(ProjectConfigurationPlatforms) = postSolution
		{0CF4BE0B-0F51-4EF5-B6BD-8E62E10F2F77}.Debug|Any CPU.ActiveCfg = Debug|Any CPU
		{0CF4BE0B-0F51-4EF5-B6BD-8E62E10F2F77}.Debug|Any CPU.Build.0 = Debug|Any CPU
		{0CF4BE0B-0F51-4EF5-B6BD-8E62E10F2F77}.Release|Any CPU.ActiveCfg = Release|Any CPU
		{0CF4BE0B-0F51-4EF5-B6BD-8E62E10F2F77}.Release|Any CPU.Build.0 = Release|Any CPU
	EndGlobalSection
	GlobalSection(SolutionProperties) = preSolution
		HideSolutionNode = FALSE
	EndGlobalSection
	GlobalSection(ExtensibilityGlobals) = postSolution
		SolutionGuid = {0980D9F1-F3A8-4295-B254-16A5E0DFAAD8}
	EndGlobalSection
EndGlobal
